
Microsoft Visual Studio Solution File, Format Version 12.00
# Visual Studio Version 16
VisualStudioVersion = 16.0.29709.97
MinimumVisualStudioVersion = 10.0.40219.1
Project("{FAE04EC0-301F-11D3-BF4B-00C04F79EFBC}") = "HelloWorld", "HelloWorld.csproj", "{6FF25E69-A775-48B4-92A9-F4176B80F08F}"
EndProject
Global
	GlobalSection(SolutionConfigurationPlatforms) = preSolution
		Debug|Any CPU = Debug|Any CPU
		Release|Any CPU = Release|Any CPU
	EndGlobalSection
	GlobalSection(ProjectConfigurationPlatforms) = postSolution
		{6FF25E69-A775-48B4-92A9-F4176B80F08F}.Debug|Any CPU.ActiveCfg = Debug|Any CPU
		{6FF25E69-A775-48B4-92A9-F4176B80F08F}.Debug|Any CPU.Build.0 = Debug|Any CPU
		{6FF25E69-A775-48B4-92A9-F4176B80F08F}.Release|Any CPU.ActiveCfg = Release|Any CPU
		{6FF25E69-A775-48B4-92A9-F4176B80F08F}.Release|Any CPU.Build.0 = Release|Any CPU
	EndGlobalSection
	GlobalSection(SolutionProperties) = preSolution
		HideSolutionNode = FALSE
	EndGlobalSection
	GlobalSection(ExtensibilityGlobals) = postSolution
		SolutionGuid = {4489CE92-28C1-4DA5-ABE9-1A61383942F6}
	EndGlobalSection
EndGlobal
